
Microsoft Visual Studio Solution File, Format Version 12.00
# Visual Studio 15
VisualStudioVersion = 15.0.28010.2016
MinimumVisualStudioVersion = 10.0.40219.1
Project("{FAE04EC0-301F-11D3-BF4B-00C04F79EFBC}") = "LoginTest.Android", "LoginTest\LoginTest.Android\LoginTest.Android.csproj", "{5067DEE1-1EC3-4935-A8E0-91C00A5D5112}"
EndProject
Project("{FAE04EC0-301F-11D3-BF4B-00C04F79EFBC}") = "LoginTest.iOS", "LoginTest\LoginTest.iOS\LoginTest.iOS.csproj", "{C4E7D60E-7679-49FE-8109-EF1772EA6183}"
EndProject
Project("{FAE04EC0-301F-11D3-BF4B-00C04F79EFBC}") = "LoginTest", "LoginTest\LoginTest\LoginTest.csproj", "{1EDAA0F1-51DC-45AF-962F-4EAF41A08D79}"
EndProject
Global
	GlobalSection(SolutionConfigurationPlatforms) = preSolution
		Ad-Hoc|Any CPU = Ad-Hoc|Any CPU
		Ad-Hoc|iPhone = Ad-Hoc|iPhone
		Ad-Hoc|iPhoneSimulator = Ad-Hoc|iPhoneSimulator
		AppStore|Any CPU = AppStore|Any CPU
		AppStore|iPhone = AppStore|iPhone
		AppStore|iPhoneSimulator = AppStore|iPhoneSimulator
		Debug|Any CPU = Debug|Any CPU
		Debug|iPhone = Debug|iPhone
		Debug|iPhoneSimulator = Debug|iPhoneSimulator
		Release|Any CPU = Release|Any CPU
		Release|iPhone = Release|iPhone
		Release|iPhoneSimulator = Release|iPhoneSimulator
	EndGlobalSection
	GlobalSection(ProjectConfigurationPlatforms) = postSolution
		{5067DEE1-1EC3-4935-A8E0-91C00A5D5112}.Ad-Hoc|Any CPU.ActiveCfg = Release|Any CPU
		{5067DEE1-1EC3-4935-A8E0-91C00A5D5112}.Ad-Hoc|Any CPU.Build.0 = Release|Any CPU
		{5067DEE1-1EC3-4935-A8E0-91C00A5D5112}.Ad-Hoc|Any CPU.Deploy.0 = Release|Any CPU
		{5067DEE1-1EC3-4935-A8E0-91C00A5D5112}.Ad-Hoc|iPhone.ActiveCfg = Release|Any CPU
		{5067DEE1-1EC3-4935-A8E0-91C00A5D5112}.Ad-Hoc|iPhone.Build.0 = Release|Any CPU
		{5067DEE1-1EC3-4935-A8E0-91C00A5D5112}.Ad-Hoc|iPhone.Deploy.0 = Release|Any CPU
		{5067DEE1-1EC3-4935-A8E0-91C00A5D5112}.Ad-Hoc|iPhoneSimulator.ActiveCfg = Release|Any CPU
		{5067DEE1-1EC3-4935-A8E0-91C00A5D5112}.Ad-Hoc|iPhoneSimulator.Build.0 = Release|Any CPU
		{5067DEE1-1EC3-4935-A8E0-91C00A5D5112}.Ad-Hoc|iPhoneSimulator.Deploy.0 = Release|Any CPU
		{5067DEE1-1EC3-4935-A8E0-91C00A5D5112}.AppStore|Any CPU.ActiveCfg = Release|Any CPU
		{5067DEE1-1EC3-4935-A8E0-91C00A5D5112}.AppStore|Any CPU.Build.0 = Release|Any CPU
		{5067DEE1-1EC3-4935-A8E0-91C00A5D5112}.AppStore|Any CPU.Deploy.0 = Release|Any CPU
		{5067DEE1-1EC3-4935-A8E0-91C00A5D5112}.AppStore|iPhone.ActiveCfg = Release|Any CPU
		{5067DEE1-1EC3-4935-A8E0-91C00A5D5112}.AppStore|iPhone.Build.0 = Release|Any CPU
		{5067DEE1-1EC3-4935-A8E0-91C00A5D5112}.AppStore|iPhone.Deploy.0 = Release|Any CPU
		{5067DEE1-1EC3-4935-A8E0-91C00A5D5112}.AppStore|iPhoneSimulator.ActiveCfg = Release|Any CPU
		{5067DEE1-1EC3-4935-A8E0-91C00A5D5112}.AppStore|iPhoneSimulator.Build.0 = Release|Any CPU
		{5067DEE1-1EC3-4935-A8E0-91C00A5D5112}.AppStore|iPhoneSimulator.Deploy.0 = Release|Any CPU
		{5067DEE1-1EC3-4935-A8E0-91C00A5D5112}.Debug|Any CPU.ActiveCfg = Debug|Any CPU
		{5067DEE1-1EC3-4935-A8E0-91C00A5D5112}.Debug|Any CPU.Build.0 = Debug|Any CPU
		{5067DEE1-1EC3-4935-A8E0-91C00A5D5112}.Debug|Any CPU.Deploy.0 = Debug|Any CPU
		{5067DEE1-1EC3-4935-A8E0-91C00A5D5112}.Debug|iPhone.ActiveCfg = Debug|Any CPU
		{5067DEE1-1EC3-4935-A8E0-91C00A5D5112}.Debug|iPhone.Build.0 = Debug|Any CPU
		{5067DEE1-1EC3-4935-A8E0-91C00A5D5112}.Debug|iPhone.Deploy.0 = Debug|Any CPU
		{5067DEE1-1EC3-4935-A8E0-91C00A5D5112}.Debug|iPhoneSimulator.ActiveCfg = Debug|Any CPU
		{5067DEE1-1EC3-4935-A8E0-91C00A5D5112}.Debug|iPhoneSimulator.Build.0 = Debug|Any CPU
		{5067DEE1-1EC3-4935-A8E0-91C00A5D5112}.Debug|iPhoneSimulator.Deploy.0 = Debug|Any CPU
		{5067DEE1-1EC3-4935-A8E0-91C00A5D5112}.Release|Any CPU.ActiveCfg = Release|Any CPU
		{5067DEE1-1EC3-4935-A8E0-91C00A5D5112}.Release|Any CPU.Build.0 = Release|Any CPU
		{5067DEE1-1EC3-4935-A8E0-91C00A5D5112}.Release|Any CPU.Deploy.0 = Release|Any CPU
		{5067DEE1-1EC3-4935-A8E0-91C00A5D5112}.Release|iPhone.ActiveCfg = Release|Any CPU
		{5067DEE1-1EC3-4935-A8E0-91C00A5D5112}.Release|iPhone.Build.0 = Release|Any CPU
		{5067DEE1-1EC3-4935-A8E0-91C00A5D5112}.Release|iPhone.Deploy.0 = Release|Any CPU
		{5067DEE1-1EC3-4935-A8E0-91C00A5D5112}.Release|iPhoneSimulator.ActiveCfg = Release|Any CPU
		{5067DEE1-1EC3-4935-A8E0-91C00A5D5112}.Release|iPhoneSimulator.Build.0 = Release|Any CPU
		{5067DEE1-1EC3-4935-A8E0-91C00A5D5112}.Release|iPhoneSimulator.Deploy.0 = Release|Any CPU
		{C4E7D60E-7679-49FE-8109-EF1772EA6183}.Ad-Hoc|Any CPU.ActiveCfg = Ad-Hoc|iPhone
		{C4E7D60E-7679-49FE-8109-EF1772EA6183}.Ad-Hoc|Any CPU.Build.0 = Ad-Hoc|iPhone
		{C4E7D60E-7679-49FE-8109-EF1772EA6183}.Ad-Hoc|Any CPU.Deploy.0 = Ad-Hoc|iPhone
		{C4E7D60E-7679-49FE-8109-EF1772EA6183}.Ad-Hoc|iPhone.ActiveCfg = Ad-Hoc|iPhone
		{C4E7D60E-7679-49FE-8109-EF1772EA6183}.Ad-Hoc|iPhone.Build.0 = Ad-Hoc|iPhone
		{C4E7D60E-7679-49FE-8109-EF1772EA6183}.Ad-Hoc|iPhone.Deploy.0 = Ad-Hoc|iPhone
		{C4E7D60E-7679-49FE-8109-EF1772EA6183}.Ad-Hoc|iPhoneSimulator.ActiveCfg = Ad-Hoc|iPhoneSimulator
		{C4E7D60E-7679-49FE-8109-EF1772EA6183}.Ad-Hoc|iPhoneSimulator.Build.0 = Ad-Hoc|iPhoneSimulator
		{C4E7D60E-7679-49FE-8109-EF1772EA6183}.Ad-Hoc|iPhoneSimulator.Deploy.0 = Ad-Hoc|iPhoneSimulator
		{C4E7D60E-7679-49FE-8109-EF1772EA6183}.AppStore|Any CPU.ActiveCfg = AppStore|iPhone
		{C4E7D60E-7679-49FE-8109-EF1772EA6183}.AppStore|Any CPU.Build.0 = AppStore|iPhone
		{C4E7D60E-7679-49FE-8109-EF1772EA6183}.AppStore|Any CPU.Deploy.0 = AppStore|iPhone
		{C4E7D60E-7679-49FE-8109-EF1772EA6183}.AppStore|iPhone.ActiveCfg = AppStore|iPhone
		{C4E7D60E-7679-49FE-8109-EF1772EA6183}.AppStore|iPhone.Build.0 = AppStore|iPhone
		{C4E7D60E-7679-49FE-8109-EF1772EA6183}.AppStore|iPhone.Deploy.0 = AppStore|iPhone
		{C4E7D60E-7679-49FE-8109-EF1772EA6183}.AppStore|iPhoneSimulator.ActiveCfg = AppStore|iPhoneSimulator
		{C4E7D60E-7679-49FE-8109-EF1772EA6183}.AppStore|iPhoneSimulator.Build.0 = AppStore|iPhoneSimulator
		{C4E7D60E-7679-49FE-8109-EF1772EA6183}.AppStore|iPhoneSimulator.Deploy.0 = AppStore|iPhoneSimulator
		{C4E7D60E-7679-49FE-8109-EF1772EA6183}.Debug|Any CPU.ActiveCfg = Debug|iPhoneSimulator
		{C4E7D60E-7679-49FE-8109-EF1772EA6183}.Debug|Any CPU.Build.0 = Debug|iPhoneSimulator
		{C4E7D60E-7679-49FE-8109-EF1772EA6183}.Debug|Any CPU.Deploy.0 = Debug|iPhoneSimulator
		{C4E7D60E-7679-49FE-8109-EF1772EA6183}.Debug|iPhone.ActiveCfg = Debug|iPhone
		{C4E7D60E-7679-49FE-8109-EF1772EA6183}.Debug|iPhone.Build.0 = Debug|iPhone
		{C4E7D60E-7679-49FE-8109-EF1772EA6183}.Debug|iPhone.Deploy.0 = Debug|iPhone
		{C4E7D60E-7679-49FE-8109-EF1772EA6183}.Debug|iPhoneSimulator.ActiveCfg = Debug|iPhoneSimulator
		{C4E7D60E-7679-49FE-8109-EF1772EA6183}.Debug|iPhoneSimulator.Build.0 = Debug|iPhoneSimulator
		{C4E7D60E-7679-49FE-8109-EF1772EA6183}.Debug|iPhoneSimulator.Deploy.0 = Debug|iPhoneSimulator
		{C4E7D60E-7679-49FE-8109-EF1772EA6183}.Release|Any CPU.ActiveCfg = Release|iPhone
		{C4E7D60E-7679-49FE-8109-EF1772EA6183}.Release|Any CPU.Build.0 = Release|iPhone
		{C4E7D60E-7679-49FE-8109-EF1772EA6183}.Release|Any CPU.Deploy.0 = Release|iPhone
		{C4E7D60E-7679-49FE-8109-EF1772EA6183}.Release|iPhone.ActiveCfg = Release|iPhone
		{C4E7D60E-7679-49FE-8109-EF1772EA6183}.Release|iPhone.Build.0 = Release|iPhone
		{C4E7D60E-7679-49FE-8109-EF1772EA6183}.Release|iPhone.Deploy.0 = Release|iPhone
		{C4E7D60E-7679-49FE-8109-EF1772EA6183}.Release|iPhoneSimulator.ActiveCfg = Release|iPhoneSimulator
		{C4E7D60E-7679-49FE-8109-EF1772EA6183}.Release|iPhoneSimulator.Build.0 = Release|iPhoneSimulator
		{C4E7D60E-7679-49FE-8109-EF1772EA6183}.Release|iPhoneSimulator.Deploy.0 = Release|iPhoneSimulator
		{1EDAA0F1-51DC-45AF-962F-4EAF41A08D79}.Ad-Hoc|Any CPU.ActiveCfg = Debug|Any CPU
		{1EDAA0F1-51DC-45AF-962F-4EAF41A08D79}.Ad-Hoc|Any CPU.Build.0 = Debug|Any CPU
		{1EDAA0F1-51DC-45AF-962F-4EAF41A08D79}.Ad-Hoc|Any CPU.Deploy.0 = Debug|Any CPU
		{1EDAA0F1-51DC-45AF-962F-4EAF41A08D79}.Ad-Hoc|iPhone.ActiveCfg = Debug|Any CPU
		{1EDAA0F1-51DC-45AF-962F-4EAF41A08D79}.Ad-Hoc|iPhone.Build.0 = Debug|Any CPU
		{1EDAA0F1-51DC-45AF-962F-4EAF41A08D79}.Ad-Hoc|iPhone.Deploy.0 = Debug|Any CPU
		{1EDAA0F1-51DC-45AF-962F-4EAF41A08D79}.Ad-Hoc|iPhoneSimulator.ActiveCfg = Debug|Any CPU
		{1EDAA0F1-51DC-45AF-962F-4EAF41A08D79}.Ad-Hoc|iPhoneSimulator.Build.0 = Debug|Any CPU
		{1EDAA0F1-51DC-45AF-962F-4EAF41A08D79}.Ad-Hoc|iPhoneSimulator.Deploy.0 = Debug|Any CPU
		{1EDAA0F1-51DC-45AF-962F-4EAF41A08D79}.AppStore|Any CPU.ActiveCfg = Debug|Any CPU
		{1EDAA0F1-51DC-45AF-962F-4EAF41A08D79}.AppStore|Any CPU.Build.0 = Debug|Any CPU
		{1EDAA0F1-51DC-45AF-962F-4EAF41A08D79}.AppStore|Any CPU.Deploy.0 = Debug|Any CPU
		{1EDAA0F1-51DC-45AF-962F-4EAF41A08D79}.AppStore|iPhone.ActiveCfg = Debug|Any CPU
		{1EDAA0F1-51DC-45AF-962F-4EAF41A08D79}.AppStore|iPhone.Build.0 = Debug|Any CPU
		{1EDAA0F1-51DC-45AF-962F-4EAF41A08D79}.AppStore|iPhone.Deploy.0 = Debug|Any CPU
		{1EDAA0F1-51DC-45AF-962F-4EAF41A08D79}.AppStore|iPhoneSimulator.ActiveCfg = Debug|Any CPU
		{1EDAA0F1-51DC-45AF-962F-4EAF41A08D79}.AppStore|iPhoneSimulator.Build.0 = Debug|Any CPU
		{1EDAA0F1-51DC-45AF-962F-4EAF41A08D79}.AppStore|iPhoneSimulator.Deploy.0 = Debug|Any CPU
		{1EDAA0F1-51DC-45AF-962F-4EAF41A08D79}.Debug|Any CPU.ActiveCfg = Debug|Any CPU
		{1EDAA0F1-51DC-45AF-962F-4EAF41A08D79}.Debug|Any CPU.Build.0 = Debug|Any CPU
		{1EDAA0F1-51DC-45AF-962F-4EAF41A08D79}.Debug|Any CPU.Deploy.0 = Debug|Any CPU
		{1EDAA0F1-51DC-45AF-962F-4EAF41A08D79}.Debug|iPhone.ActiveCfg = Debug|Any CPU
		{1EDAA0F1-51DC-45AF-962F-4EAF41A08D79}.Debug|iPhone.Build.0 = Debug|Any CPU
		{1EDAA0F1-51DC-45AF-962F-4EAF41A08D79}.Debug|iPhone.Deploy.0 = Debug|Any CPU
		{1EDAA0F1-51DC-45AF-962F-4EAF41A08D79}.Debug|iPhoneSimulator.ActiveCfg = Debug|Any CPU
		{1EDAA0F1-51DC-45AF-962F-4EAF41A08D79}.Debug|iPhoneSimulator.Build.0 = Debug|Any CPU
		{1EDAA0F1-51DC-45AF-962F-4EAF41A08D79}.Debug|iPhoneSimulator.Deploy.0 = Debug|Any CPU
		{1EDAA0F1-51DC-45AF-962F-4EAF41A08D79}.Release|Any CPU.ActiveCfg = Release|Any CPU
		{1EDAA0F1-51DC-45AF-962F-4EAF41A08D79}.Release|Any CPU.Build.0 = Release|Any CPU
		{1EDAA0F1-51DC-45AF-962F-4EAF41A08D79}.Release|Any CPU.Deploy.0 = Release|Any CPU
		{1EDAA0F1-51DC-45AF-962F-4EAF41A08D79}.Release|iPhone.ActiveCfg = Release|Any CPU
		{1EDAA0F1-51DC-45AF-962F-4EAF41A08D79}.Release|iPhone.Build.0 = Release|Any CPU
		{1EDAA0F1-51DC-45AF-962F-4EAF41A08D79}.Release|iPhone.Deploy.0 = Release|Any CPU
		{1EDAA0F1-51DC-45AF-962F-4EAF41A08D79}.Release|iPhoneSimulator.ActiveCfg = Release|Any CPU
		{1EDAA0F1-51DC-45AF-962F-4EAF41A08D79}.Release|iPhoneSimulator.Build.0 = Release|Any CPU
		{1EDAA0F1-51DC-45AF-962F-4EAF41A08D79}.Release|iPhoneSimulator.Deploy.0 = Release|Any CPU
	EndGlobalSection
	GlobalSection(SolutionProperties) = preSolution
		HideSolutionNode = FALSE
	EndGlobalSection
	GlobalSection(ExtensibilityGlobals) = postSolution
		SolutionGuid = {B91D7CAE-EB26-41B7-B508-AC052E38D09C}
	EndGlobalSection
EndGlobal
